# THIS IS AN AUTOGENERATED FILE. DO NOT EDIT THIS FILE DIRECTLY.
# yarn lockfile v1


"@angular/common@^4.4.4":
  version "4.4.4"
  resolved "https://registry.yarnpkg.com/@angular/common/-/common-4.4.4.tgz#ae0a818aaa0c6a3f0901e7b80bd94e1c22eb9365"
  dependencies:
    tslib "^1.7.1"

"@angular/core@^4.4.4":
  version "4.4.4"
  resolved "https://registry.yarnpkg.com/@angular/core/-/core-4.4.4.tgz#bd37ecf54158f97489996c9386bd222f80a32f5c"
  dependencies:
    tslib "^1.7.1"

"@angular/forms@^4.4.4":
  version "4.4.4"
  resolved "https://registry.yarnpkg.com/@angular/forms/-/forms-4.4.4.tgz#4db3790509b6b10f1db8a7c1b7f52187cf64cfd4"
  dependencies:
    tslib "^1.7.1"

"@angular/platform-browser@^4.4.4":
  version "4.4.4"
  resolved "https://registry.yarnpkg.com/@angular/platform-browser/-/platform-browser-4.4.4.tgz#a3898e2e7ba9d84ffa0d47144c6971179c75aee6"
  dependencies:
    tslib "^1.7.1"

"@angular/router@^4.4.4":
  version "4.4.4"
  resolved "https://registry.yarnpkg.com/@angular/router/-/router-4.4.4.tgz#7be391096e843cb3e04f9f05d1d65a88df9bc7cf"
  dependencies:
    tslib "^1.7.1"

rxjs@^5.4.3:
  version "5.4.3"
  resolved "https://registry.yarnpkg.com/rxjs/-/rxjs-5.4.3.tgz#0758cddee6033d68e0fd53676f0f3596ce3d483f"
  dependencies:
    symbol-observable "^1.0.1"

symbol-observable@^1.0.1:
  version "1.0.4"
  resolved "https://registry.yarnpkg.com/symbol-observable/-/symbol-observable-1.0.4.tgz#29bf615d4aa7121bdd898b22d4b3f9bc4e2aa03d"

tslib@^1.7.1:
  version "1.7.1"
  resolved "https://registry.yarnpkg.com/tslib/-/tslib-1.7.1.tgz#bc8004164691923a79fe8378bbeb3da2017538ec"

zone.js@^0.8.18:
  version "0.8.18"
  resolved "https://registry.yarnpkg.com/zone.js/-/zone.js-0.8.18.tgz#8cecb3977fcd1b3090562ff4570e2847e752b48d"
